
Microsoft Visual Studio Solution File, Format Version 12.00
Project("{FAE04EC0-301F-11D3-BF4B-00C04F79EFBC}") = "Notifications.Domain", "src\Notifications\Notifications.Domain\Notifications.Domain.csproj", "{871CF1E7-8344-4824-8D31-637BDBCA46BE}"
EndProject
Project("{FAE04EC0-301F-11D3-BF4B-00C04F79EFBC}") = "Notifications.Application", "src\Notifications\Notifications.Application\Notifications.Application.csproj", "{EF7A5EDE-2A5F-414F-B413-8479CE001165}"
EndProject
Project("{FAE04EC0-301F-11D3-BF4B-00C04F79EFBC}") = "Notifications.Infrastructure", "src\Notifications\Notifications.Infrastructure\Notifications.Infrastructure.csproj", "{89A2899C-89DC-432B-B17E-3375D53829E2}"
EndProject
Project("{2150E333-8FDC-42A3-9474-1A3956D46DE8}") = "SolutionFolder", "SolutionFolder", "{56F0CB6A-8CCA-4412-A632-8F9C1D89DF0E}"
ProjectSection(SolutionItems) = preProject
	README.md = README.md
	Directory.Build.props = Directory.Build.props
	CHANGELOG.md = CHANGELOG.md
EndProjectSection
EndProject
Project("{2150E333-8FDC-42A3-9474-1A3956D46DE8}") = "src", "src", "{5FACB0C7-3546-43A6-BD36-098463DF52E4}"
EndProject
Project("{2150E333-8FDC-42A3-9474-1A3956D46DE8}") = "Common", "Common", "{3F8396CE-7837-4B25-BDD5-9FB05E0FBF0F}"
EndProject
Project("{2150E333-8FDC-42A3-9474-1A3956D46DE8}") = "Notifications", "Notifications", "{D9E81828-AE73-4D0D-9093-888B7739DD95}"
EndProject
Project("{FAE04EC0-301F-11D3-BF4B-00C04F79EFBC}") = "Common", "src\Common\Common\Common.csproj", "{7B12CF5E-6A22-483E-A658-4FCBD445279D}"
EndProject
Project("{FAE04EC0-301F-11D3-BF4B-00C04F79EFBC}") = "Common.Application", "src\Common\Common.Application\Common.Application.csproj", "{50757EDE-4A73-416F-91F2-86BA1459A515}"
EndProject
Project("{FAE04EC0-301F-11D3-BF4B-00C04F79EFBC}") = "Common.Domain", "src\Common\Common.Domain\Common.Domain.csproj", "{066B4D77-746B-4DF8-888A-6B7CFD7352ED}"
EndProject
Project("{FAE04EC0-301F-11D3-BF4B-00C04F79EFBC}") = "Common.Infrastructure", "src\Common\Common.Infrastructure\Common.Infrastructure.csproj", "{8D4CEC96-4D36-47EA-A16D-7825096A8344}"
EndProject
Project("{FAE04EC0-301F-11D3-BF4B-00C04F79EFBC}") = "Common.WebAPI", "src\Common\Common.WebAPI\Common.WebAPI.csproj", "{4ED4F4D2-B1C2-48BF-9D3B-9E979DA8BBD3}"
EndProject
Project("{2150E333-8FDC-42A3-9474-1A3956D46DE8}") = "test", "test", "{EB0FFDB3-7BA2-4546-BD86-F6D1A8333752}"
EndProject
Project("{FAE04EC0-301F-11D3-BF4B-00C04F79EFBC}") = "Common.Tests", "test\Common\Common.Tests\Common.Tests.csproj", "{A50F9D2C-2A5A-4280-9767-2EF9C773A308}"
EndProject
Project("{2150E333-8FDC-42A3-9474-1A3956D46DE8}") = "Common", "Common", "{C2718A10-F830-43C1-8034-81535F0C97CE}"
EndProject
Project("{FAE04EC0-301F-11D3-BF4B-00C04F79EFBC}") = "Notifications.WebAPI", "src\Notifications\Notifications.WebAPI\Notifications.WebAPI.csproj", "{70880B8E-8A0C-4C68-92F8-4116619B1BD0}"
EndProject
Project("{2150E333-8FDC-42A3-9474-1A3956D46DE8}") = "Identity", "Identity", "{C446D84B-C00F-4407-8A01-3203FE68AC3F}"
EndProject
Project("{FAE04EC0-301F-11D3-BF4B-00C04F79EFBC}") = "Identity.Domain", "src\Identity\Identity.Domain\Identity.Domain.csproj", "{D8384C43-14DC-4B87-88DD-D9983BCF3A4A}"
EndProject
Project("{FAE04EC0-301F-11D3-BF4B-00C04F79EFBC}") = "Identity.Application", "src\Identity\Identity.Application\Identity.Application.csproj", "{BE994DFF-D77B-4482-9FB6-E02A19B7D301}"
EndProject
Project("{FAE04EC0-301F-11D3-BF4B-00C04F79EFBC}") = "Identity.Infrastructure", "src\Identity\Identity.Infrastructure\Identity.Infrastructure.csproj", "{98AE590C-2628-4325-A26C-8633037A4C4C}"
EndProject
Project("{FAE04EC0-301F-11D3-BF4B-00C04F79EFBC}") = "Identity.WebAPI", "src\Identity\Identity.WebAPI\Identity.WebAPI.csproj", "{DDB313B6-93F0-4CB4-8C0F-0034595A98B9}"
EndProject
Project("{FAE04EC0-301F-11D3-BF4B-00C04F79EFBC}") = "Common.Domain.Tests", "test\Common\Common.Domain.Tests\Common.Domain.Tests.csproj", "{EF295BF5-810E-4D48-AA5F-51A25EC70F09}"
EndProject
Project("{FAE04EC0-301F-11D3-BF4B-00C04F79EFBC}") = "Identity.Application.Events", "src\Identity\Identity.Application.Events\Identity.Application.Events.csproj", "{EE5DCACB-7571-4E28-B53D-00C49E389D98}"
EndProject
Project("{2150E333-8FDC-42A3-9474-1A3956D46DE8}") = "Identity", "Identity", "{00F8890E-5DA0-461D-B790-0F9415C27DAE}"
EndProject
Project("{FAE04EC0-301F-11D3-BF4B-00C04F79EFBC}") = "Identity.Domain.Tests", "test\Identity\Identity.Domain.Tests\Identity.Domain.Tests.csproj", "{ECEE5D31-37A6-48E9-9405-C66CCBD23A12}"
EndProject
Project("{2150E333-8FDC-42A3-9474-1A3956D46DE8}") = "SolutionFolder", "SolutionFolder", "{60D268BE-11F8-431E-BDE9-B4F6EE95B509}"
	ProjectSection(SolutionItems) = preProject
		src\Identity\README.md = src\Identity\README.md
	EndProjectSection
EndProject
Project("{FAE04EC0-301F-11D3-BF4B-00C04F79EFBC}") = "Identity.Application.Commands", "src\Identity\Identity.Application.Commands\Identity.Application.Commands.csproj", "{507C6F15-1B84-4A09-84A7-B4A363561337}"
EndProject
Project("{FAE04EC0-301F-11D3-BF4B-00C04F79EFBC}") = "Identity.Application.Queries", "src\Identity\Identity.Application.Queries\Identity.Application.Queries.csproj", "{7CA6E22C-B1BC-41C9-A78B-61D3C573DA74}"
EndProject
Project("{FAE04EC0-301F-11D3-BF4B-00C04F79EFBC}") = "Identity.WebAPI.Client", "src\Identity\Identity.WebAPI.Client\Identity.WebAPI.Client.csproj", "{01CB4025-28C7-4578-89C1-D6C58FC6C37B}"
EndProject
Project("{FAE04EC0-301F-11D3-BF4B-00C04F79EFBC}") = "Identity.Application.Abstractions", "src\Identity\Identity.Application.Abstractions\Identity.Application.Abstractions.csproj", "{2CF1B7BE-A2BD-421C-AFFE-C73199BF6F6A}"
EndProject
Project("{2150E333-8FDC-42A3-9474-1A3956D46DE8}") = "Customers", "Customers", "{79245F7C-9C5D-4C89-A006-60B7DA8CB880}"
EndProject
Project("{FAE04EC0-301F-11D3-BF4B-00C04F79EFBC}") = "Customers.Domain", "src\Customers\Customers.Domain\Customers.Domain.csproj", "{310ABF3C-40C2-4294-916F-DC69A44F97F2}"
EndProject
Project("{FAE04EC0-301F-11D3-BF4B-00C04F79EFBC}") = "Customers.Application.Events", "src\Customers\Customers.Application.Events\Customers.Application.Events.csproj", "{60372F0C-0B13-4CA4-B9B7-DE7748AB3F21}"
EndProject
Project("{FAE04EC0-301F-11D3-BF4B-00C04F79EFBC}") = "Customers.Application.Commands", "src\Customers\Customers.Application.Commands\Customers.Application.Commands.csproj", "{F800FC84-3454-4CA2-A4A9-CD2F9AEB962C}"
EndProject
Project("{FAE04EC0-301F-11D3-BF4B-00C04F79EFBC}") = "Customers.Application.Queries", "src\Customers\Customers.Application.Queries\Customers.Application.Queries.csproj", "{51482E7D-D065-4DA8-AC89-B8DAB914E348}"
EndProject
Project("{FAE04EC0-301F-11D3-BF4B-00C04F79EFBC}") = "Customers.Application", "src\Customers\Customers.Application\Customers.Application.csproj", "{A9FD22F9-3F6C-45C1-9A6B-2E329CA7B792}"
EndProject
Project("{FAE04EC0-301F-11D3-BF4B-00C04F79EFBC}") = "Customers.Infrastructure", "src\Customers\Customers.Infrastructure\Customers.Infrastructure.csproj", "{208B9AF4-B4BF-468C-A18E-99C98F781BFC}"
EndProject
Project("{FAE04EC0-301F-11D3-BF4B-00C04F79EFBC}") = "Customers.Application.Abstractions", "src\Customers\Customers.Application.Abstractions\Customers.Application.Abstractions.csproj", "{3559D3E5-45F6-4033-AD5A-AA376B5E315D}"
EndProject
Project("{FAE04EC0-301F-11D3-BF4B-00C04F79EFBC}") = "Customers.WebAPI", "src\Customers\Customers.WebAPI\Customers.WebAPI.csproj", "{F8C66CD3-B933-4A80-854F-A20E5775F51A}"
EndProject
Global
	GlobalSection(SolutionConfigurationPlatforms) = preSolution
		Debug|Any CPU = Debug|Any CPU
		Release|Any CPU = Release|Any CPU
	EndGlobalSection
	GlobalSection(ProjectConfigurationPlatforms) = postSolution
		{871CF1E7-8344-4824-8D31-637BDBCA46BE}.Debug|Any CPU.ActiveCfg = Debug|Any CPU
		{871CF1E7-8344-4824-8D31-637BDBCA46BE}.Debug|Any CPU.Build.0 = Debug|Any CPU
		{871CF1E7-8344-4824-8D31-637BDBCA46BE}.Release|Any CPU.ActiveCfg = Release|Any CPU
		{871CF1E7-8344-4824-8D31-637BDBCA46BE}.Release|Any CPU.Build.0 = Release|Any CPU
		{EF7A5EDE-2A5F-414F-B413-8479CE001165}.Debug|Any CPU.ActiveCfg = Debug|Any CPU
		{EF7A5EDE-2A5F-414F-B413-8479CE001165}.Debug|Any CPU.Build.0 = Debug|Any CPU
		{EF7A5EDE-2A5F-414F-B413-8479CE001165}.Release|Any CPU.ActiveCfg = Release|Any CPU
		{EF7A5EDE-2A5F-414F-B413-8479CE001165}.Release|Any CPU.Build.0 = Release|Any CPU
		{89A2899C-89DC-432B-B17E-3375D53829E2}.Debug|Any CPU.ActiveCfg = Debug|Any CPU
		{89A2899C-89DC-432B-B17E-3375D53829E2}.Debug|Any CPU.Build.0 = Debug|Any CPU
		{89A2899C-89DC-432B-B17E-3375D53829E2}.Release|Any CPU.ActiveCfg = Release|Any CPU
		{89A2899C-89DC-432B-B17E-3375D53829E2}.Release|Any CPU.Build.0 = Release|Any CPU
		{7B12CF5E-6A22-483E-A658-4FCBD445279D}.Debug|Any CPU.ActiveCfg = Debug|Any CPU
		{7B12CF5E-6A22-483E-A658-4FCBD445279D}.Debug|Any CPU.Build.0 = Debug|Any CPU
		{7B12CF5E-6A22-483E-A658-4FCBD445279D}.Release|Any CPU.ActiveCfg = Release|Any CPU
		{7B12CF5E-6A22-483E-A658-4FCBD445279D}.Release|Any CPU.Build.0 = Release|Any CPU
		{50757EDE-4A73-416F-91F2-86BA1459A515}.Debug|Any CPU.ActiveCfg = Debug|Any CPU
		{50757EDE-4A73-416F-91F2-86BA1459A515}.Debug|Any CPU.Build.0 = Debug|Any CPU
		{50757EDE-4A73-416F-91F2-86BA1459A515}.Release|Any CPU.ActiveCfg = Release|Any CPU
		{50757EDE-4A73-416F-91F2-86BA1459A515}.Release|Any CPU.Build.0 = Release|Any CPU
		{066B4D77-746B-4DF8-888A-6B7CFD7352ED}.Debug|Any CPU.ActiveCfg = Debug|Any CPU
		{066B4D77-746B-4DF8-888A-6B7CFD7352ED}.Debug|Any CPU.Build.0 = Debug|Any CPU
		{066B4D77-746B-4DF8-888A-6B7CFD7352ED}.Release|Any CPU.ActiveCfg = Release|Any CPU
		{066B4D77-746B-4DF8-888A-6B7CFD7352ED}.Release|Any CPU.Build.0 = Release|Any CPU
		{8D4CEC96-4D36-47EA-A16D-7825096A8344}.Debug|Any CPU.ActiveCfg = Debug|Any CPU
		{8D4CEC96-4D36-47EA-A16D-7825096A8344}.Debug|Any CPU.Build.0 = Debug|Any CPU
		{8D4CEC96-4D36-47EA-A16D-7825096A8344}.Release|Any CPU.ActiveCfg = Release|Any CPU
		{8D4CEC96-4D36-47EA-A16D-7825096A8344}.Release|Any CPU.Build.0 = Release|Any CPU
		{4ED4F4D2-B1C2-48BF-9D3B-9E979DA8BBD3}.Debug|Any CPU.ActiveCfg = Debug|Any CPU
		{4ED4F4D2-B1C2-48BF-9D3B-9E979DA8BBD3}.Debug|Any CPU.Build.0 = Debug|Any CPU
		{4ED4F4D2-B1C2-48BF-9D3B-9E979DA8BBD3}.Release|Any CPU.ActiveCfg = Release|Any CPU
		{4ED4F4D2-B1C2-48BF-9D3B-9E979DA8BBD3}.Release|Any CPU.Build.0 = Release|Any CPU
		{A50F9D2C-2A5A-4280-9767-2EF9C773A308}.Debug|Any CPU.ActiveCfg = Debug|Any CPU
		{A50F9D2C-2A5A-4280-9767-2EF9C773A308}.Debug|Any CPU.Build.0 = Debug|Any CPU
		{A50F9D2C-2A5A-4280-9767-2EF9C773A308}.Release|Any CPU.ActiveCfg = Release|Any CPU
		{A50F9D2C-2A5A-4280-9767-2EF9C773A308}.Release|Any CPU.Build.0 = Release|Any CPU
		{70880B8E-8A0C-4C68-92F8-4116619B1BD0}.Debug|Any CPU.ActiveCfg = Debug|Any CPU
		{70880B8E-8A0C-4C68-92F8-4116619B1BD0}.Debug|Any CPU.Build.0 = Debug|Any CPU
		{70880B8E-8A0C-4C68-92F8-4116619B1BD0}.Release|Any CPU.ActiveCfg = Release|Any CPU
		{70880B8E-8A0C-4C68-92F8-4116619B1BD0}.Release|Any CPU.Build.0 = Release|Any CPU
		{D8384C43-14DC-4B87-88DD-D9983BCF3A4A}.Debug|Any CPU.ActiveCfg = Debug|Any CPU
		{D8384C43-14DC-4B87-88DD-D9983BCF3A4A}.Debug|Any CPU.Build.0 = Debug|Any CPU
		{D8384C43-14DC-4B87-88DD-D9983BCF3A4A}.Release|Any CPU.ActiveCfg = Release|Any CPU
		{D8384C43-14DC-4B87-88DD-D9983BCF3A4A}.Release|Any CPU.Build.0 = Release|Any CPU
		{BE994DFF-D77B-4482-9FB6-E02A19B7D301}.Debug|Any CPU.ActiveCfg = Debug|Any CPU
		{BE994DFF-D77B-4482-9FB6-E02A19B7D301}.Debug|Any CPU.Build.0 = Debug|Any CPU
		{BE994DFF-D77B-4482-9FB6-E02A19B7D301}.Release|Any CPU.ActiveCfg = Release|Any CPU
		{BE994DFF-D77B-4482-9FB6-E02A19B7D301}.Release|Any CPU.Build.0 = Release|Any CPU
		{98AE590C-2628-4325-A26C-8633037A4C4C}.Debug|Any CPU.ActiveCfg = Debug|Any CPU
		{98AE590C-2628-4325-A26C-8633037A4C4C}.Debug|Any CPU.Build.0 = Debug|Any CPU
		{98AE590C-2628-4325-A26C-8633037A4C4C}.Release|Any CPU.ActiveCfg = Release|Any CPU
		{98AE590C-2628-4325-A26C-8633037A4C4C}.Release|Any CPU.Build.0 = Release|Any CPU
		{DDB313B6-93F0-4CB4-8C0F-0034595A98B9}.Debug|Any CPU.ActiveCfg = Debug|Any CPU
		{DDB313B6-93F0-4CB4-8C0F-0034595A98B9}.Debug|Any CPU.Build.0 = Debug|Any CPU
		{DDB313B6-93F0-4CB4-8C0F-0034595A98B9}.Release|Any CPU.ActiveCfg = Release|Any CPU
		{DDB313B6-93F0-4CB4-8C0F-0034595A98B9}.Release|Any CPU.Build.0 = Release|Any CPU
		{EF295BF5-810E-4D48-AA5F-51A25EC70F09}.Debug|Any CPU.ActiveCfg = Debug|Any CPU
		{EF295BF5-810E-4D48-AA5F-51A25EC70F09}.Debug|Any CPU.Build.0 = Debug|Any CPU
		{EF295BF5-810E-4D48-AA5F-51A25EC70F09}.Release|Any CPU.ActiveCfg = Release|Any CPU
		{EF295BF5-810E-4D48-AA5F-51A25EC70F09}.Release|Any CPU.Build.0 = Release|Any CPU
		{EE5DCACB-7571-4E28-B53D-00C49E389D98}.Debug|Any CPU.ActiveCfg = Debug|Any CPU
		{EE5DCACB-7571-4E28-B53D-00C49E389D98}.Debug|Any CPU.Build.0 = Debug|Any CPU
		{EE5DCACB-7571-4E28-B53D-00C49E389D98}.Release|Any CPU.ActiveCfg = Release|Any CPU
		{EE5DCACB-7571-4E28-B53D-00C49E389D98}.Release|Any CPU.Build.0 = Release|Any CPU
		{ECEE5D31-37A6-48E9-9405-C66CCBD23A12}.Debug|Any CPU.ActiveCfg = Debug|Any CPU
		{ECEE5D31-37A6-48E9-9405-C66CCBD23A12}.Debug|Any CPU.Build.0 = Debug|Any CPU
		{ECEE5D31-37A6-48E9-9405-C66CCBD23A12}.Release|Any CPU.ActiveCfg = Release|Any CPU
		{ECEE5D31-37A6-48E9-9405-C66CCBD23A12}.Release|Any CPU.Build.0 = Release|Any CPU
		{507C6F15-1B84-4A09-84A7-B4A363561337}.Debug|Any CPU.ActiveCfg = Debug|Any CPU
		{507C6F15-1B84-4A09-84A7-B4A363561337}.Debug|Any CPU.Build.0 = Debug|Any CPU
		{507C6F15-1B84-4A09-84A7-B4A363561337}.Release|Any CPU.ActiveCfg = Release|Any CPU
		{507C6F15-1B84-4A09-84A7-B4A363561337}.Release|Any CPU.Build.0 = Release|Any CPU
		{7CA6E22C-B1BC-41C9-A78B-61D3C573DA74}.Debug|Any CPU.ActiveCfg = Debug|Any CPU
		{7CA6E22C-B1BC-41C9-A78B-61D3C573DA74}.Debug|Any CPU.Build.0 = Debug|Any CPU
		{7CA6E22C-B1BC-41C9-A78B-61D3C573DA74}.Release|Any CPU.ActiveCfg = Release|Any CPU
		{7CA6E22C-B1BC-41C9-A78B-61D3C573DA74}.Release|Any CPU.Build.0 = Release|Any CPU
		{01CB4025-28C7-4578-89C1-D6C58FC6C37B}.Debug|Any CPU.ActiveCfg = Debug|Any CPU
		{01CB4025-28C7-4578-89C1-D6C58FC6C37B}.Debug|Any CPU.Build.0 = Debug|Any CPU
		{01CB4025-28C7-4578-89C1-D6C58FC6C37B}.Release|Any CPU.ActiveCfg = Release|Any CPU
		{01CB4025-28C7-4578-89C1-D6C58FC6C37B}.Release|Any CPU.Build.0 = Release|Any CPU
		{2CF1B7BE-A2BD-421C-AFFE-C73199BF6F6A}.Debug|Any CPU.ActiveCfg = Debug|Any CPU
		{2CF1B7BE-A2BD-421C-AFFE-C73199BF6F6A}.Debug|Any CPU.Build.0 = Debug|Any CPU
		{2CF1B7BE-A2BD-421C-AFFE-C73199BF6F6A}.Release|Any CPU.ActiveCfg = Release|Any CPU
		{2CF1B7BE-A2BD-421C-AFFE-C73199BF6F6A}.Release|Any CPU.Build.0 = Release|Any CPU
		{310ABF3C-40C2-4294-916F-DC69A44F97F2}.Debug|Any CPU.ActiveCfg = Debug|Any CPU
		{310ABF3C-40C2-4294-916F-DC69A44F97F2}.Debug|Any CPU.Build.0 = Debug|Any CPU
		{310ABF3C-40C2-4294-916F-DC69A44F97F2}.Release|Any CPU.ActiveCfg = Release|Any CPU
		{310ABF3C-40C2-4294-916F-DC69A44F97F2}.Release|Any CPU.Build.0 = Release|Any CPU
		{60372F0C-0B13-4CA4-B9B7-DE7748AB3F21}.Debug|Any CPU.ActiveCfg = Debug|Any CPU
		{60372F0C-0B13-4CA4-B9B7-DE7748AB3F21}.Debug|Any CPU.Build.0 = Debug|Any CPU
		{60372F0C-0B13-4CA4-B9B7-DE7748AB3F21}.Release|Any CPU.ActiveCfg = Release|Any CPU
		{60372F0C-0B13-4CA4-B9B7-DE7748AB3F21}.Release|Any CPU.Build.0 = Release|Any CPU
		{F800FC84-3454-4CA2-A4A9-CD2F9AEB962C}.Debug|Any CPU.ActiveCfg = Debug|Any CPU
		{F800FC84-3454-4CA2-A4A9-CD2F9AEB962C}.Debug|Any CPU.Build.0 = Debug|Any CPU
		{F800FC84-3454-4CA2-A4A9-CD2F9AEB962C}.Release|Any CPU.ActiveCfg = Release|Any CPU
		{F800FC84-3454-4CA2-A4A9-CD2F9AEB962C}.Release|Any CPU.Build.0 = Release|Any CPU
		{51482E7D-D065-4DA8-AC89-B8DAB914E348}.Debug|Any CPU.ActiveCfg = Debug|Any CPU
		{51482E7D-D065-4DA8-AC89-B8DAB914E348}.Debug|Any CPU.Build.0 = Debug|Any CPU
		{51482E7D-D065-4DA8-AC89-B8DAB914E348}.Release|Any CPU.ActiveCfg = Release|Any CPU
		{51482E7D-D065-4DA8-AC89-B8DAB914E348}.Release|Any CPU.Build.0 = Release|Any CPU
		{A9FD22F9-3F6C-45C1-9A6B-2E329CA7B792}.Debug|Any CPU.ActiveCfg = Debug|Any CPU
		{A9FD22F9-3F6C-45C1-9A6B-2E329CA7B792}.Debug|Any CPU.Build.0 = Debug|Any CPU
		{A9FD22F9-3F6C-45C1-9A6B-2E329CA7B792}.Release|Any CPU.ActiveCfg = Release|Any CPU
		{A9FD22F9-3F6C-45C1-9A6B-2E329CA7B792}.Release|Any CPU.Build.0 = Release|Any CPU
		{208B9AF4-B4BF-468C-A18E-99C98F781BFC}.Debug|Any CPU.ActiveCfg = Debug|Any CPU
		{208B9AF4-B4BF-468C-A18E-99C98F781BFC}.Debug|Any CPU.Build.0 = Debug|Any CPU
		{208B9AF4-B4BF-468C-A18E-99C98F781BFC}.Release|Any CPU.ActiveCfg = Release|Any CPU
		{208B9AF4-B4BF-468C-A18E-99C98F781BFC}.Release|Any CPU.Build.0 = Release|Any CPU
		{3559D3E5-45F6-4033-AD5A-AA376B5E315D}.Debug|Any CPU.ActiveCfg = Debug|Any CPU
		{3559D3E5-45F6-4033-AD5A-AA376B5E315D}.Debug|Any CPU.Build.0 = Debug|Any CPU
		{3559D3E5-45F6-4033-AD5A-AA376B5E315D}.Release|Any CPU.ActiveCfg = Release|Any CPU
		{3559D3E5-45F6-4033-AD5A-AA376B5E315D}.Release|Any CPU.Build.0 = Release|Any CPU
		{F8C66CD3-B933-4A80-854F-A20E5775F51A}.Debug|Any CPU.ActiveCfg = Debug|Any CPU
		{F8C66CD3-B933-4A80-854F-A20E5775F51A}.Debug|Any CPU.Build.0 = Debug|Any CPU
		{F8C66CD3-B933-4A80-854F-A20E5775F51A}.Release|Any CPU.ActiveCfg = Release|Any CPU
		{F8C66CD3-B933-4A80-854F-A20E5775F51A}.Release|Any CPU.Build.0 = Release|Any CPU
	EndGlobalSection
	GlobalSection(NestedProjects) = preSolution
		{3F8396CE-7837-4B25-BDD5-9FB05E0FBF0F} = {5FACB0C7-3546-43A6-BD36-098463DF52E4}
		{D9E81828-AE73-4D0D-9093-888B7739DD95} = {5FACB0C7-3546-43A6-BD36-098463DF52E4}
		{EF7A5EDE-2A5F-414F-B413-8479CE001165} = {D9E81828-AE73-4D0D-9093-888B7739DD95}
		{871CF1E7-8344-4824-8D31-637BDBCA46BE} = {D9E81828-AE73-4D0D-9093-888B7739DD95}
		{89A2899C-89DC-432B-B17E-3375D53829E2} = {D9E81828-AE73-4D0D-9093-888B7739DD95}
		{7B12CF5E-6A22-483E-A658-4FCBD445279D} = {3F8396CE-7837-4B25-BDD5-9FB05E0FBF0F}
		{50757EDE-4A73-416F-91F2-86BA1459A515} = {3F8396CE-7837-4B25-BDD5-9FB05E0FBF0F}
		{066B4D77-746B-4DF8-888A-6B7CFD7352ED} = {3F8396CE-7837-4B25-BDD5-9FB05E0FBF0F}
		{8D4CEC96-4D36-47EA-A16D-7825096A8344} = {3F8396CE-7837-4B25-BDD5-9FB05E0FBF0F}
		{4ED4F4D2-B1C2-48BF-9D3B-9E979DA8BBD3} = {3F8396CE-7837-4B25-BDD5-9FB05E0FBF0F}
		{C2718A10-F830-43C1-8034-81535F0C97CE} = {EB0FFDB3-7BA2-4546-BD86-F6D1A8333752}
		{A50F9D2C-2A5A-4280-9767-2EF9C773A308} = {C2718A10-F830-43C1-8034-81535F0C97CE}
		{70880B8E-8A0C-4C68-92F8-4116619B1BD0} = {D9E81828-AE73-4D0D-9093-888B7739DD95}
		{C446D84B-C00F-4407-8A01-3203FE68AC3F} = {5FACB0C7-3546-43A6-BD36-098463DF52E4}
		{D8384C43-14DC-4B87-88DD-D9983BCF3A4A} = {C446D84B-C00F-4407-8A01-3203FE68AC3F}
		{BE994DFF-D77B-4482-9FB6-E02A19B7D301} = {C446D84B-C00F-4407-8A01-3203FE68AC3F}
		{98AE590C-2628-4325-A26C-8633037A4C4C} = {C446D84B-C00F-4407-8A01-3203FE68AC3F}
		{DDB313B6-93F0-4CB4-8C0F-0034595A98B9} = {C446D84B-C00F-4407-8A01-3203FE68AC3F}
		{EF295BF5-810E-4D48-AA5F-51A25EC70F09} = {C2718A10-F830-43C1-8034-81535F0C97CE}
		{EE5DCACB-7571-4E28-B53D-00C49E389D98} = {C446D84B-C00F-4407-8A01-3203FE68AC3F}
		{00F8890E-5DA0-461D-B790-0F9415C27DAE} = {EB0FFDB3-7BA2-4546-BD86-F6D1A8333752}
		{ECEE5D31-37A6-48E9-9405-C66CCBD23A12} = {00F8890E-5DA0-461D-B790-0F9415C27DAE}
		{60D268BE-11F8-431E-BDE9-B4F6EE95B509} = {C446D84B-C00F-4407-8A01-3203FE68AC3F}
		{507C6F15-1B84-4A09-84A7-B4A363561337} = {C446D84B-C00F-4407-8A01-3203FE68AC3F}
		{7CA6E22C-B1BC-41C9-A78B-61D3C573DA74} = {C446D84B-C00F-4407-8A01-3203FE68AC3F}
		{01CB4025-28C7-4578-89C1-D6C58FC6C37B} = {C446D84B-C00F-4407-8A01-3203FE68AC3F}
		{2CF1B7BE-A2BD-421C-AFFE-C73199BF6F6A} = {C446D84B-C00F-4407-8A01-3203FE68AC3F}
		{79245F7C-9C5D-4C89-A006-60B7DA8CB880} = {5FACB0C7-3546-43A6-BD36-098463DF52E4}
		{310ABF3C-40C2-4294-916F-DC69A44F97F2} = {79245F7C-9C5D-4C89-A006-60B7DA8CB880}
		{60372F0C-0B13-4CA4-B9B7-DE7748AB3F21} = {79245F7C-9C5D-4C89-A006-60B7DA8CB880}
		{F800FC84-3454-4CA2-A4A9-CD2F9AEB962C} = {79245F7C-9C5D-4C89-A006-60B7DA8CB880}
		{51482E7D-D065-4DA8-AC89-B8DAB914E348} = {79245F7C-9C5D-4C89-A006-60B7DA8CB880}
		{A9FD22F9-3F6C-45C1-9A6B-2E329CA7B792} = {79245F7C-9C5D-4C89-A006-60B7DA8CB880}
		{208B9AF4-B4BF-468C-A18E-99C98F781BFC} = {79245F7C-9C5D-4C89-A006-60B7DA8CB880}
		{3559D3E5-45F6-4033-AD5A-AA376B5E315D} = {79245F7C-9C5D-4C89-A006-60B7DA8CB880}
		{F8C66CD3-B933-4A80-854F-A20E5775F51A} = {79245F7C-9C5D-4C89-A006-60B7DA8CB880}
	EndGlobalSection
EndGlobal
