
Microsoft Visual Studio Solution File, Format Version 12.00
Project("{2150E333-8FDC-42A3-9474-1A3956D46DE8}") = "SolutionFolder", "SolutionFolder", "{56F0CB6A-8CCA-4412-A632-8F9C1D89DF0E}"
ProjectSection(SolutionItems) = preProject
	README.md = README.md
	CHANGELOG.md = CHANGELOG.md
	Directory.Build.targets = Directory.Build.targets
EndProjectSection
EndProject
Project("{2150E333-8FDC-42A3-9474-1A3956D46DE8}") = "src", "src", "{5FACB0C7-3546-43A6-BD36-098463DF52E4}"
EndProject
Project("{2150E333-8FDC-42A3-9474-1A3956D46DE8}") = "Common", "Common", "{3F8396CE-7837-4B25-BDD5-9FB05E0FBF0F}"
EndProject
Project("{FAE04EC0-301F-11D3-BF4B-00C04F79EFBC}") = "Common", "src\Common\Common\Common.csproj", "{7B12CF5E-6A22-483E-A658-4FCBD445279D}"
EndProject
Project("{FAE04EC0-301F-11D3-BF4B-00C04F79EFBC}") = "Common.Application", "src\Common\Common.Application\Common.Application.csproj", "{50757EDE-4A73-416F-91F2-86BA1459A515}"
EndProject
Project("{FAE04EC0-301F-11D3-BF4B-00C04F79EFBC}") = "Common.Domain", "src\Common\Common.Domain\Common.Domain.csproj", "{066B4D77-746B-4DF8-888A-6B7CFD7352ED}"
EndProject
Project("{FAE04EC0-301F-11D3-BF4B-00C04F79EFBC}") = "Common.Infrastructure", "src\Common\Common.Infrastructure\Common.Infrastructure.csproj", "{8D4CEC96-4D36-47EA-A16D-7825096A8344}"
EndProject
Project("{FAE04EC0-301F-11D3-BF4B-00C04F79EFBC}") = "Common.WebAPI", "src\Common\Common.WebAPI\Common.WebAPI.csproj", "{4ED4F4D2-B1C2-48BF-9D3B-9E979DA8BBD3}"
EndProject
Project("{2150E333-8FDC-42A3-9474-1A3956D46DE8}") = "test", "test", "{EB0FFDB3-7BA2-4546-BD86-F6D1A8333752}"
EndProject
Project("{FAE04EC0-301F-11D3-BF4B-00C04F79EFBC}") = "Common.Tests", "test\Common\Common.Tests\Common.Tests.csproj", "{A50F9D2C-2A5A-4280-9767-2EF9C773A308}"
EndProject
Project("{2150E333-8FDC-42A3-9474-1A3956D46DE8}") = "Common", "Common", "{C2718A10-F830-43C1-8034-81535F0C97CE}"
EndProject
Project("{FAE04EC0-301F-11D3-BF4B-00C04F79EFBC}") = "Common.Domain.Tests", "test\Common\Common.Domain.Tests\Common.Domain.Tests.csproj", "{EF295BF5-810E-4D48-AA5F-51A25EC70F09}"
EndProject
Project("{2150E333-8FDC-42A3-9474-1A3956D46DE8}") = "Customers", "Customers", "{79245F7C-9C5D-4C89-A006-60B7DA8CB880}"
EndProject
Project("{FAE04EC0-301F-11D3-BF4B-00C04F79EFBC}") = "Customers.Domain", "src\Susanin\Customers\Customers.Domain\Customers.Domain.csproj", "{310ABF3C-40C2-4294-916F-DC69A44F97F2}"
EndProject
Project("{FAE04EC0-301F-11D3-BF4B-00C04F79EFBC}") = "Customers.Application.Events", "src\Susanin\Customers\Customers.Application.Events\Customers.Application.Events.csproj", "{60372F0C-0B13-4CA4-B9B7-DE7748AB3F21}"
EndProject
Project("{FAE04EC0-301F-11D3-BF4B-00C04F79EFBC}") = "Customers.Application.Commands", "src\Susanin\Customers\Customers.Application.Commands\Customers.Application.Commands.csproj", "{F800FC84-3454-4CA2-A4A9-CD2F9AEB962C}"
EndProject
Project("{FAE04EC0-301F-11D3-BF4B-00C04F79EFBC}") = "Customers.Application.Queries", "src\Susanin\Customers\Customers.Application.Queries\Customers.Application.Queries.csproj", "{51482E7D-D065-4DA8-AC89-B8DAB914E348}"
EndProject
Project("{FAE04EC0-301F-11D3-BF4B-00C04F79EFBC}") = "Customers.Application", "src\Susanin\Customers\Customers.Application\Customers.Application.csproj", "{A9FD22F9-3F6C-45C1-9A6B-2E329CA7B792}"
EndProject
Project("{FAE04EC0-301F-11D3-BF4B-00C04F79EFBC}") = "Customers.Infrastructure", "src\Susanin\Customers\Customers.Infrastructure\Customers.Infrastructure.csproj", "{208B9AF4-B4BF-468C-A18E-99C98F781BFC}"
EndProject
Project("{FAE04EC0-301F-11D3-BF4B-00C04F79EFBC}") = "Customers.Application.Abstractions", "src\Susanin\Customers\Customers.Application.Abstractions\Customers.Application.Abstractions.csproj", "{3559D3E5-45F6-4033-AD5A-AA376B5E315D}"
EndProject
Project("{FAE04EC0-301F-11D3-BF4B-00C04F79EFBC}") = "Customers.WebAPI", "src\Susanin\Customers\Customers.WebAPI\Customers.WebAPI.csproj", "{F8C66CD3-B933-4A80-854F-A20E5775F51A}"
EndProject
Project("{2150E333-8FDC-42A3-9474-1A3956D46DE8}") = "UberPopug", "UberPopug", "{B811F243-3289-4B12-9D88-C2156195B2FB}"
EndProject
Project("{2150E333-8FDC-42A3-9474-1A3956D46DE8}") = "Tasks", "Tasks", "{7DB2A000-3E77-4C6E-9F45-FF6D233EF24C}"
EndProject
Project("{2150E333-8FDC-42A3-9474-1A3956D46DE8}") = "Accounting", "Accounting", "{E5977650-D9CF-47A8-96F4-41420BA38408}"
EndProject
Project("{2150E333-8FDC-42A3-9474-1A3956D46DE8}") = "Analitycs", "Analitycs", "{8C35FD4F-3D47-4521-98D2-DF3DFA83C8D0}"
EndProject
Project("{2150E333-8FDC-42A3-9474-1A3956D46DE8}") = "Generic", "Generic", "{EB4A9846-9CB0-49C0-842A-3BEE88B31741}"
EndProject
Project("{2150E333-8FDC-42A3-9474-1A3956D46DE8}") = "Susanin", "Susanin", "{708B0E38-8808-4C9D-BC9C-C0A68BE0EA77}"
EndProject
Project("{FAE04EC0-301F-11D3-BF4B-00C04F79EFBC}") = "UberPopug.Tasks.WebAPI", "src\UberPopug\Tasks\UberPopug.Tasks.WebAPI\UberPopug.Tasks.WebAPI.csproj", "{7F862DF8-9C1D-4137-A4F8-38096F17E2ED}"
EndProject
Project("{FAE04EC0-301F-11D3-BF4B-00C04F79EFBC}") = "UberPopug.Tasks.Domain", "src\UberPopug\Tasks\UberPopug.Tasks.Domain\UberPopug.Tasks.Domain.csproj", "{889414B2-6644-4AE3-86BB-E08484D44B6D}"
EndProject
Global
	GlobalSection(SolutionConfigurationPlatforms) = preSolution
		Debug|Any CPU = Debug|Any CPU
		Release|Any CPU = Release|Any CPU
	EndGlobalSection
	GlobalSection(ProjectConfigurationPlatforms) = postSolution
		{7B12CF5E-6A22-483E-A658-4FCBD445279D}.Debug|Any CPU.ActiveCfg = Debug|Any CPU
		{7B12CF5E-6A22-483E-A658-4FCBD445279D}.Debug|Any CPU.Build.0 = Debug|Any CPU
		{7B12CF5E-6A22-483E-A658-4FCBD445279D}.Release|Any CPU.ActiveCfg = Release|Any CPU
		{7B12CF5E-6A22-483E-A658-4FCBD445279D}.Release|Any CPU.Build.0 = Release|Any CPU
		{50757EDE-4A73-416F-91F2-86BA1459A515}.Debug|Any CPU.ActiveCfg = Debug|Any CPU
		{50757EDE-4A73-416F-91F2-86BA1459A515}.Debug|Any CPU.Build.0 = Debug|Any CPU
		{50757EDE-4A73-416F-91F2-86BA1459A515}.Release|Any CPU.ActiveCfg = Release|Any CPU
		{50757EDE-4A73-416F-91F2-86BA1459A515}.Release|Any CPU.Build.0 = Release|Any CPU
		{066B4D77-746B-4DF8-888A-6B7CFD7352ED}.Debug|Any CPU.ActiveCfg = Debug|Any CPU
		{066B4D77-746B-4DF8-888A-6B7CFD7352ED}.Debug|Any CPU.Build.0 = Debug|Any CPU
		{066B4D77-746B-4DF8-888A-6B7CFD7352ED}.Release|Any CPU.ActiveCfg = Release|Any CPU
		{066B4D77-746B-4DF8-888A-6B7CFD7352ED}.Release|Any CPU.Build.0 = Release|Any CPU
		{8D4CEC96-4D36-47EA-A16D-7825096A8344}.Debug|Any CPU.ActiveCfg = Debug|Any CPU
		{8D4CEC96-4D36-47EA-A16D-7825096A8344}.Debug|Any CPU.Build.0 = Debug|Any CPU
		{8D4CEC96-4D36-47EA-A16D-7825096A8344}.Release|Any CPU.ActiveCfg = Release|Any CPU
		{8D4CEC96-4D36-47EA-A16D-7825096A8344}.Release|Any CPU.Build.0 = Release|Any CPU
		{4ED4F4D2-B1C2-48BF-9D3B-9E979DA8BBD3}.Debug|Any CPU.ActiveCfg = Debug|Any CPU
		{4ED4F4D2-B1C2-48BF-9D3B-9E979DA8BBD3}.Debug|Any CPU.Build.0 = Debug|Any CPU
		{4ED4F4D2-B1C2-48BF-9D3B-9E979DA8BBD3}.Release|Any CPU.ActiveCfg = Release|Any CPU
		{4ED4F4D2-B1C2-48BF-9D3B-9E979DA8BBD3}.Release|Any CPU.Build.0 = Release|Any CPU
		{A50F9D2C-2A5A-4280-9767-2EF9C773A308}.Debug|Any CPU.ActiveCfg = Debug|Any CPU
		{A50F9D2C-2A5A-4280-9767-2EF9C773A308}.Debug|Any CPU.Build.0 = Debug|Any CPU
		{A50F9D2C-2A5A-4280-9767-2EF9C773A308}.Release|Any CPU.ActiveCfg = Release|Any CPU
		{A50F9D2C-2A5A-4280-9767-2EF9C773A308}.Release|Any CPU.Build.0 = Release|Any CPU
		{EF295BF5-810E-4D48-AA5F-51A25EC70F09}.Debug|Any CPU.ActiveCfg = Debug|Any CPU
		{EF295BF5-810E-4D48-AA5F-51A25EC70F09}.Debug|Any CPU.Build.0 = Debug|Any CPU
		{EF295BF5-810E-4D48-AA5F-51A25EC70F09}.Release|Any CPU.ActiveCfg = Release|Any CPU
		{EF295BF5-810E-4D48-AA5F-51A25EC70F09}.Release|Any CPU.Build.0 = Release|Any CPU
		{310ABF3C-40C2-4294-916F-DC69A44F97F2}.Debug|Any CPU.ActiveCfg = Debug|Any CPU
		{310ABF3C-40C2-4294-916F-DC69A44F97F2}.Debug|Any CPU.Build.0 = Debug|Any CPU
		{310ABF3C-40C2-4294-916F-DC69A44F97F2}.Release|Any CPU.ActiveCfg = Release|Any CPU
		{310ABF3C-40C2-4294-916F-DC69A44F97F2}.Release|Any CPU.Build.0 = Release|Any CPU
		{60372F0C-0B13-4CA4-B9B7-DE7748AB3F21}.Debug|Any CPU.ActiveCfg = Debug|Any CPU
		{60372F0C-0B13-4CA4-B9B7-DE7748AB3F21}.Debug|Any CPU.Build.0 = Debug|Any CPU
		{60372F0C-0B13-4CA4-B9B7-DE7748AB3F21}.Release|Any CPU.ActiveCfg = Release|Any CPU
		{60372F0C-0B13-4CA4-B9B7-DE7748AB3F21}.Release|Any CPU.Build.0 = Release|Any CPU
		{F800FC84-3454-4CA2-A4A9-CD2F9AEB962C}.Debug|Any CPU.ActiveCfg = Debug|Any CPU
		{F800FC84-3454-4CA2-A4A9-CD2F9AEB962C}.Debug|Any CPU.Build.0 = Debug|Any CPU
		{F800FC84-3454-4CA2-A4A9-CD2F9AEB962C}.Release|Any CPU.ActiveCfg = Release|Any CPU
		{F800FC84-3454-4CA2-A4A9-CD2F9AEB962C}.Release|Any CPU.Build.0 = Release|Any CPU
		{51482E7D-D065-4DA8-AC89-B8DAB914E348}.Debug|Any CPU.ActiveCfg = Debug|Any CPU
		{51482E7D-D065-4DA8-AC89-B8DAB914E348}.Debug|Any CPU.Build.0 = Debug|Any CPU
		{51482E7D-D065-4DA8-AC89-B8DAB914E348}.Release|Any CPU.ActiveCfg = Release|Any CPU
		{51482E7D-D065-4DA8-AC89-B8DAB914E348}.Release|Any CPU.Build.0 = Release|Any CPU
		{A9FD22F9-3F6C-45C1-9A6B-2E329CA7B792}.Debug|Any CPU.ActiveCfg = Debug|Any CPU
		{A9FD22F9-3F6C-45C1-9A6B-2E329CA7B792}.Debug|Any CPU.Build.0 = Debug|Any CPU
		{A9FD22F9-3F6C-45C1-9A6B-2E329CA7B792}.Release|Any CPU.ActiveCfg = Release|Any CPU
		{A9FD22F9-3F6C-45C1-9A6B-2E329CA7B792}.Release|Any CPU.Build.0 = Release|Any CPU
		{208B9AF4-B4BF-468C-A18E-99C98F781BFC}.Debug|Any CPU.ActiveCfg = Debug|Any CPU
		{208B9AF4-B4BF-468C-A18E-99C98F781BFC}.Debug|Any CPU.Build.0 = Debug|Any CPU
		{208B9AF4-B4BF-468C-A18E-99C98F781BFC}.Release|Any CPU.ActiveCfg = Release|Any CPU
		{208B9AF4-B4BF-468C-A18E-99C98F781BFC}.Release|Any CPU.Build.0 = Release|Any CPU
		{3559D3E5-45F6-4033-AD5A-AA376B5E315D}.Debug|Any CPU.ActiveCfg = Debug|Any CPU
		{3559D3E5-45F6-4033-AD5A-AA376B5E315D}.Debug|Any CPU.Build.0 = Debug|Any CPU
		{3559D3E5-45F6-4033-AD5A-AA376B5E315D}.Release|Any CPU.ActiveCfg = Release|Any CPU
		{3559D3E5-45F6-4033-AD5A-AA376B5E315D}.Release|Any CPU.Build.0 = Release|Any CPU
		{F8C66CD3-B933-4A80-854F-A20E5775F51A}.Debug|Any CPU.ActiveCfg = Debug|Any CPU
		{F8C66CD3-B933-4A80-854F-A20E5775F51A}.Debug|Any CPU.Build.0 = Debug|Any CPU
		{F8C66CD3-B933-4A80-854F-A20E5775F51A}.Release|Any CPU.ActiveCfg = Release|Any CPU
		{F8C66CD3-B933-4A80-854F-A20E5775F51A}.Release|Any CPU.Build.0 = Release|Any CPU
		{7F862DF8-9C1D-4137-A4F8-38096F17E2ED}.Debug|Any CPU.ActiveCfg = Debug|Any CPU
		{7F862DF8-9C1D-4137-A4F8-38096F17E2ED}.Debug|Any CPU.Build.0 = Debug|Any CPU
		{7F862DF8-9C1D-4137-A4F8-38096F17E2ED}.Release|Any CPU.ActiveCfg = Release|Any CPU
		{7F862DF8-9C1D-4137-A4F8-38096F17E2ED}.Release|Any CPU.Build.0 = Release|Any CPU
		{889414B2-6644-4AE3-86BB-E08484D44B6D}.Debug|Any CPU.ActiveCfg = Debug|Any CPU
		{889414B2-6644-4AE3-86BB-E08484D44B6D}.Debug|Any CPU.Build.0 = Debug|Any CPU
		{889414B2-6644-4AE3-86BB-E08484D44B6D}.Release|Any CPU.ActiveCfg = Release|Any CPU
		{889414B2-6644-4AE3-86BB-E08484D44B6D}.Release|Any CPU.Build.0 = Release|Any CPU
	EndGlobalSection
	GlobalSection(NestedProjects) = preSolution
		{3F8396CE-7837-4B25-BDD5-9FB05E0FBF0F} = {5FACB0C7-3546-43A6-BD36-098463DF52E4}
		{7B12CF5E-6A22-483E-A658-4FCBD445279D} = {3F8396CE-7837-4B25-BDD5-9FB05E0FBF0F}
		{50757EDE-4A73-416F-91F2-86BA1459A515} = {3F8396CE-7837-4B25-BDD5-9FB05E0FBF0F}
		{066B4D77-746B-4DF8-888A-6B7CFD7352ED} = {3F8396CE-7837-4B25-BDD5-9FB05E0FBF0F}
		{8D4CEC96-4D36-47EA-A16D-7825096A8344} = {3F8396CE-7837-4B25-BDD5-9FB05E0FBF0F}
		{4ED4F4D2-B1C2-48BF-9D3B-9E979DA8BBD3} = {3F8396CE-7837-4B25-BDD5-9FB05E0FBF0F}
		{C2718A10-F830-43C1-8034-81535F0C97CE} = {EB0FFDB3-7BA2-4546-BD86-F6D1A8333752}
		{A50F9D2C-2A5A-4280-9767-2EF9C773A308} = {C2718A10-F830-43C1-8034-81535F0C97CE}
		{EF295BF5-810E-4D48-AA5F-51A25EC70F09} = {C2718A10-F830-43C1-8034-81535F0C97CE}
		{310ABF3C-40C2-4294-916F-DC69A44F97F2} = {79245F7C-9C5D-4C89-A006-60B7DA8CB880}
		{60372F0C-0B13-4CA4-B9B7-DE7748AB3F21} = {79245F7C-9C5D-4C89-A006-60B7DA8CB880}
		{F800FC84-3454-4CA2-A4A9-CD2F9AEB962C} = {79245F7C-9C5D-4C89-A006-60B7DA8CB880}
		{51482E7D-D065-4DA8-AC89-B8DAB914E348} = {79245F7C-9C5D-4C89-A006-60B7DA8CB880}
		{A9FD22F9-3F6C-45C1-9A6B-2E329CA7B792} = {79245F7C-9C5D-4C89-A006-60B7DA8CB880}
		{208B9AF4-B4BF-468C-A18E-99C98F781BFC} = {79245F7C-9C5D-4C89-A006-60B7DA8CB880}
		{3559D3E5-45F6-4033-AD5A-AA376B5E315D} = {79245F7C-9C5D-4C89-A006-60B7DA8CB880}
		{F8C66CD3-B933-4A80-854F-A20E5775F51A} = {79245F7C-9C5D-4C89-A006-60B7DA8CB880}
		{B811F243-3289-4B12-9D88-C2156195B2FB} = {5FACB0C7-3546-43A6-BD36-098463DF52E4}
		{7DB2A000-3E77-4C6E-9F45-FF6D233EF24C} = {B811F243-3289-4B12-9D88-C2156195B2FB}
		{E5977650-D9CF-47A8-96F4-41420BA38408} = {B811F243-3289-4B12-9D88-C2156195B2FB}
		{8C35FD4F-3D47-4521-98D2-DF3DFA83C8D0} = {B811F243-3289-4B12-9D88-C2156195B2FB}
		{EB4A9846-9CB0-49C0-842A-3BEE88B31741} = {5FACB0C7-3546-43A6-BD36-098463DF52E4}
		{708B0E38-8808-4C9D-BC9C-C0A68BE0EA77} = {5FACB0C7-3546-43A6-BD36-098463DF52E4}
		{79245F7C-9C5D-4C89-A006-60B7DA8CB880} = {708B0E38-8808-4C9D-BC9C-C0A68BE0EA77}
		{7F862DF8-9C1D-4137-A4F8-38096F17E2ED} = {7DB2A000-3E77-4C6E-9F45-FF6D233EF24C}
		{889414B2-6644-4AE3-86BB-E08484D44B6D} = {7DB2A000-3E77-4C6E-9F45-FF6D233EF24C}
	EndGlobalSection
EndGlobal
