
Microsoft Visual Studio Solution File, Format Version 12.00
Project("{2150E333-8FDC-42A3-9474-1A3956D46DE8}") = "test", "test", "{FDD6A749-C37E-4FE1-BF23-86CC1BF4F69D}"
EndProject
Project("{2150E333-8FDC-42A3-9474-1A3956D46DE8}") = "src", "src", "{8824F233-03BC-4988-8CF1-77075E9BA6BD}"
EndProject
Project("{2150E333-8FDC-42A3-9474-1A3956D46DE8}") = "SolutionFolder", "SolutionFolder", "{2198EA84-3DF1-4759-87F1-F632B1AEB2DE}"
ProjectSection(SolutionItems) = preProject
	README.md = README.md
EndProjectSection
EndProject
Project("{FAE04EC0-301F-11D3-BF4B-00C04F79EFBC}") = "WebApi.Extensions.Swagger", "src\WebApi.Extensions.Swagger\WebApi.Extensions.Swagger.csproj", "{6343FA47-066C-4BC8-B4D5-4223DED10E63}"
EndProject
Project("{FAE04EC0-301F-11D3-BF4B-00C04F79EFBC}") = "Common", "src\Common\Common.csproj", "{184BD511-B5EB-4F83-832B-265B09A3897F}"
EndProject
Project("{FAE04EC0-301F-11D3-BF4B-00C04F79EFBC}") = "Common.Tests", "test\Common.Tests\Common.Tests.csproj", "{060C7BCB-6F21-4904-8536-6E3BCB74025C}"
EndProject
Project("{FAE04EC0-301F-11D3-BF4B-00C04F79EFBC}") = "Common.Domain", "src\Common.Domain\Common.Domain.csproj", "{35A0C27F-C6E5-4DC6-B1B7-5BA3D50A0C94}"
EndProject
Project("{FAE04EC0-301F-11D3-BF4B-00C04F79EFBC}") = "Common.Application", "src\Common.Application\Common.Application.csproj", "{A213009D-5788-4213-B31E-B96B8D6D934C}"
EndProject
Project("{FAE04EC0-301F-11D3-BF4B-00C04F79EFBC}") = "Common.Infrastructure", "src\Common.Infrastructure\Common.Infrastructure.csproj", "{196AD4AC-0E7B-435D-9A57-45468C0277DC}"
EndProject
Project("{FAE04EC0-301F-11D3-BF4B-00C04F79EFBC}") = "Common.Infrastructure.Extensions.Logging", "src\Common.Infrastructure.Extensions.Logging\Common.Infrastructure.Extensions.Logging.csproj", "{B2FA3D9A-A665-4B2B-B8F5-2F823FE5EC0B}"
EndProject
Global
	GlobalSection(SolutionConfigurationPlatforms) = preSolution
		Debug|Any CPU = Debug|Any CPU
		Release|Any CPU = Release|Any CPU
	EndGlobalSection
	GlobalSection(ProjectConfigurationPlatforms) = postSolution
		{6343FA47-066C-4BC8-B4D5-4223DED10E63}.Debug|Any CPU.ActiveCfg = Debug|Any CPU
		{6343FA47-066C-4BC8-B4D5-4223DED10E63}.Debug|Any CPU.Build.0 = Debug|Any CPU
		{6343FA47-066C-4BC8-B4D5-4223DED10E63}.Release|Any CPU.ActiveCfg = Release|Any CPU
		{6343FA47-066C-4BC8-B4D5-4223DED10E63}.Release|Any CPU.Build.0 = Release|Any CPU
		{184BD511-B5EB-4F83-832B-265B09A3897F}.Debug|Any CPU.ActiveCfg = Debug|Any CPU
		{184BD511-B5EB-4F83-832B-265B09A3897F}.Debug|Any CPU.Build.0 = Debug|Any CPU
		{184BD511-B5EB-4F83-832B-265B09A3897F}.Release|Any CPU.ActiveCfg = Release|Any CPU
		{184BD511-B5EB-4F83-832B-265B09A3897F}.Release|Any CPU.Build.0 = Release|Any CPU
		{060C7BCB-6F21-4904-8536-6E3BCB74025C}.Debug|Any CPU.ActiveCfg = Debug|Any CPU
		{060C7BCB-6F21-4904-8536-6E3BCB74025C}.Debug|Any CPU.Build.0 = Debug|Any CPU
		{060C7BCB-6F21-4904-8536-6E3BCB74025C}.Release|Any CPU.ActiveCfg = Release|Any CPU
		{060C7BCB-6F21-4904-8536-6E3BCB74025C}.Release|Any CPU.Build.0 = Release|Any CPU
		{35A0C27F-C6E5-4DC6-B1B7-5BA3D50A0C94}.Debug|Any CPU.ActiveCfg = Debug|Any CPU
		{35A0C27F-C6E5-4DC6-B1B7-5BA3D50A0C94}.Debug|Any CPU.Build.0 = Debug|Any CPU
		{35A0C27F-C6E5-4DC6-B1B7-5BA3D50A0C94}.Release|Any CPU.ActiveCfg = Release|Any CPU
		{35A0C27F-C6E5-4DC6-B1B7-5BA3D50A0C94}.Release|Any CPU.Build.0 = Release|Any CPU
		{A213009D-5788-4213-B31E-B96B8D6D934C}.Debug|Any CPU.ActiveCfg = Debug|Any CPU
		{A213009D-5788-4213-B31E-B96B8D6D934C}.Debug|Any CPU.Build.0 = Debug|Any CPU
		{A213009D-5788-4213-B31E-B96B8D6D934C}.Release|Any CPU.ActiveCfg = Release|Any CPU
		{A213009D-5788-4213-B31E-B96B8D6D934C}.Release|Any CPU.Build.0 = Release|Any CPU
		{196AD4AC-0E7B-435D-9A57-45468C0277DC}.Debug|Any CPU.ActiveCfg = Debug|Any CPU
		{196AD4AC-0E7B-435D-9A57-45468C0277DC}.Debug|Any CPU.Build.0 = Debug|Any CPU
		{196AD4AC-0E7B-435D-9A57-45468C0277DC}.Release|Any CPU.ActiveCfg = Release|Any CPU
		{196AD4AC-0E7B-435D-9A57-45468C0277DC}.Release|Any CPU.Build.0 = Release|Any CPU
		{B2FA3D9A-A665-4B2B-B8F5-2F823FE5EC0B}.Debug|Any CPU.ActiveCfg = Debug|Any CPU
		{B2FA3D9A-A665-4B2B-B8F5-2F823FE5EC0B}.Debug|Any CPU.Build.0 = Debug|Any CPU
		{B2FA3D9A-A665-4B2B-B8F5-2F823FE5EC0B}.Release|Any CPU.ActiveCfg = Release|Any CPU
		{B2FA3D9A-A665-4B2B-B8F5-2F823FE5EC0B}.Release|Any CPU.Build.0 = Release|Any CPU
	EndGlobalSection
	GlobalSection(NestedProjects) = preSolution
		{6343FA47-066C-4BC8-B4D5-4223DED10E63} = {8824F233-03BC-4988-8CF1-77075E9BA6BD}
		{184BD511-B5EB-4F83-832B-265B09A3897F} = {8824F233-03BC-4988-8CF1-77075E9BA6BD}
		{060C7BCB-6F21-4904-8536-6E3BCB74025C} = {FDD6A749-C37E-4FE1-BF23-86CC1BF4F69D}
		{35A0C27F-C6E5-4DC6-B1B7-5BA3D50A0C94} = {8824F233-03BC-4988-8CF1-77075E9BA6BD}
		{A213009D-5788-4213-B31E-B96B8D6D934C} = {8824F233-03BC-4988-8CF1-77075E9BA6BD}
		{196AD4AC-0E7B-435D-9A57-45468C0277DC} = {8824F233-03BC-4988-8CF1-77075E9BA6BD}
		{B2FA3D9A-A665-4B2B-B8F5-2F823FE5EC0B} = {8824F233-03BC-4988-8CF1-77075E9BA6BD}
	EndGlobalSection
EndGlobal
